
Microsoft Visual Studio Solution File, Format Version 12.00
# Visual Studio Version 16
VisualStudioVersion = 16.0.30717.126
MinimumVisualStudioVersion = 10.0.40219.1
Project("{FAE04EC0-301F-11D3-BF4B-00C04F79EFBC}") = "Functions", "Functions\Functions.csproj", "{40908F4C-13D8-41CA-B978-C951BB440729}"
EndProject
Global
	GlobalSection(SolutionConfigurationPlatforms) = preSolution
		Debug|Any CPU = Debug|Any CPU
		Release|Any CPU = Release|Any CPU
	EndGlobalSection
	GlobalSection(ProjectConfigurationPlatforms) = postSolution
		{40908F4C-13D8-41CA-B978-C951BB440729}.Debug|Any CPU.ActiveCfg = Debug|Any CPU
		{40908F4C-13D8-41CA-B978-C951BB440729}.Debug|Any CPU.Build.0 = Debug|Any CPU
		{40908F4C-13D8-41CA-B978-C951BB440729}.Release|Any CPU.ActiveCfg = Release|Any CPU
		{40908F4C-13D8-41CA-B978-C951BB440729}.Release|Any CPU.Build.0 = Release|Any CPU
	EndGlobalSection
	GlobalSection(SolutionProperties) = preSolution
		HideSolutionNode = FALSE
	EndGlobalSection
	GlobalSection(ExtensibilityGlobals) = postSolution
		SolutionGuid = {A0041B5D-CACD-4BC7-A851-B006712DACA7}
	EndGlobalSection
EndGlobal
